// !$*UTF8*$!
{
	archiveVersion = 1;
	classes = {
	};
	objectVersion = 56;
	objects = {

/* Begin PBXBuildFile section */
		2B4A57CF2C3AEDA200A516D0 /* BenTenWatch Watch App.app in Embed Watch Content */ = {isa = PBXBuildFile; fileRef = 2B4A57CE2C3AEDA200A516D0 /* BenTenWatch Watch App.app */; settings = {ATTRIBUTES = (RemoveHeadersOnCopy, ); }; };
		2B4A57D42C3AEDA200A516D0 /* BenTenWatchApp.swift in Sources */ = {isa = PBXBuildFile; fileRef = 2B4A57D32C3AEDA200A516D0 /* BenTenWatchApp.swift */; };
		2B4A57D62C3AEDA200A516D0 /* ContentView.swift in Sources */ = {isa = PBXBuildFile; fileRef = 2B4A57D52C3AEDA200A516D0 /* ContentView.swift */; };
		2B4A57D82C3AEDA400A516D0 /* Assets.xcassets in Resources */ = {isa = PBXBuildFile; fileRef = 2B4A57D72C3AEDA400A516D0 /* Assets.xcassets */; };
		2B4A57DB2C3AEDA400A516D0 /* Preview Assets.xcassets in Resources */ = {isa = PBXBuildFile; fileRef = 2B4A57DA2C3AEDA400A516D0 /* Preview Assets.xcassets */; };
		2B4A57E52C3AEDA400A516D0 /* BenTenWatch_Watch_AppTests.swift in Sources */ = {isa = PBXBuildFile; fileRef = 2B4A57E42C3AEDA400A516D0 /* BenTenWatch_Watch_AppTests.swift */; };
		2B4A57EF2C3AEDA400A516D0 /* BenTenWatch_Watch_AppUITests.swift in Sources */ = {isa = PBXBuildFile; fileRef = 2B4A57EE2C3AEDA400A516D0 /* BenTenWatch_Watch_AppUITests.swift */; };
		2B4A57F12C3AEDA400A516D0 /* BenTenWatch_Watch_AppUITestsLaunchTests.swift in Sources */ = {isa = PBXBuildFile; fileRef = 2B4A57F02C3AEDA400A516D0 /* BenTenWatch_Watch_AppUITestsLaunchTests.swift */; };
		2B8648472C5A2A6100DCBD05 /* ActiveSound.mp3 in Resources */ = {isa = PBXBuildFile; fileRef = 2B8648422C5A2A6000DCBD05 /* ActiveSound.mp3 */; };
		2B8648482C5A2A6100DCBD05 /* Picking2.mp3 in Resources */ = {isa = PBXBuildFile; fileRef = 2B8648432C5A2A6000DCBD05 /* Picking2.mp3 */; };
		2B8648492C5A2A6100DCBD05 /* TransformBig.mp3 in Resources */ = {isa = PBXBuildFile; fileRef = 2B8648442C5A2A6000DCBD05 /* TransformBig.mp3 */; };
		2B86484A2C5A2A6100DCBD05 /* CooldownBig.mp3 in Resources */ = {isa = PBXBuildFile; fileRef = 2B8648452C5A2A6000DCBD05 /* CooldownBig.mp3 */; };
		2B86484B2C5A2A6100DCBD05 /* CooledBig.mp3 in Resources */ = {isa = PBXBuildFile; fileRef = 2B8648462C5A2A6100DCBD05 /* CooledBig.mp3 */; };
/* End PBXBuildFile section */

/* Begin PBXContainerItemProxy section */
		2B4A57D02C3AEDA200A516D0 /* PBXContainerItemProxy */ = {
			isa = PBXContainerItemProxy;
			containerPortal = 2B4A57C22C3AEDA200A516D0 /* Project object */;
			proxyType = 1;
			remoteGlobalIDString = 2B4A57CD2C3AEDA200A516D0;
			remoteInfo = "BenTenWatch Watch App";
		};
		2B4A57E12C3AEDA400A516D0 /* PBXContainerItemProxy */ = {
			isa = PBXContainerItemProxy;
			containerPortal = 2B4A57C22C3AEDA200A516D0 /* Project object */;
			proxyType = 1;
			remoteGlobalIDString = 2B4A57CD2C3AEDA200A516D0;
			remoteInfo = "BenTenWatch Watch App";
		};
		2B4A57EB2C3AEDA400A516D0 /* PBXContainerItemProxy */ = {
			isa = PBXContainerItemProxy;
			containerPortal = 2B4A57C22C3AEDA200A516D0 /* Project object */;
			proxyType = 1;
			remoteGlobalIDString = 2B4A57CD2C3AEDA200A516D0;
			remoteInfo = "BenTenWatch Watch App";
		};
/* End PBXContainerItemProxy section */

/* Begin PBXCopyFilesBuildPhase section */
		2B4A57F72C3AEDA400A516D0 /* Embed Watch Content */ = {
			isa = PBXCopyFilesBuildPhase;
			buildActionMask = 2147483647;
			dstPath = "$(CONTENTS_FOLDER_PATH)/Watch";
			dstSubfolderSpec = 16;
			files = (
				2B4A57CF2C3AEDA200A516D0 /* BenTenWatch Watch App.app in Embed Watch Content */,
			);
			name = "Embed Watch Content";
			runOnlyForDeploymentPostprocessing = 0;
		};
/* End PBXCopyFilesBuildPhase section */

/* Begin PBXFileReference section */
		2B4A57C82C3AEDA200A516D0 /* BenTenWatch.app */ = {isa = PBXFileReference; explicitFileType = wrapper.application; includeInIndex = 0; path = BenTenWatch.app; sourceTree = BUILT_PRODUCTS_DIR; };
		2B4A57CE2C3AEDA200A516D0 /* BenTenWatch Watch App.app */ = {isa = PBXFileReference; explicitFileType = wrapper.application; includeInIndex = 0; path = "BenTenWatch Watch App.app"; sourceTree = BUILT_PRODUCTS_DIR; };
		2B4A57D32C3AEDA200A516D0 /* BenTenWatchApp.swift */ = {isa = PBXFileReference; lastKnownFileType = sourcecode.swift; path = BenTenWatchApp.swift; sourceTree = "<group>"; };
		2B4A57D52C3AEDA200A516D0 /* ContentView.swift */ = {isa = PBXFileReference; lastKnownFileType = sourcecode.swift; path = ContentView.swift; sourceTree = "<group>"; };
		2B4A57D72C3AEDA400A516D0 /* Assets.xcassets */ = {isa = PBXFileReference; lastKnownFileType = folder.assetcatalog; path = Assets.xcassets; sourceTree = "<group>"; };
		2B4A57DA2C3AEDA400A516D0 /* Preview Assets.xcassets */ = {isa = PBXFileReference; lastKnownFileType = folder.assetcatalog; path = "Preview Assets.xcassets"; sourceTree = "<group>"; };
		2B4A57E02C3AEDA400A516D0 /* BenTenWatch Watch AppTests.xctest */ = {isa = PBXFileReference; explicitFileType = wrapper.cfbundle; includeInIndex = 0; path = "BenTenWatch Watch AppTests.xctest"; sourceTree = BUILT_PRODUCTS_DIR; };
		2B4A57E42C3AEDA400A516D0 /* BenTenWatch_Watch_AppTests.swift */ = {isa = PBXFileReference; lastKnownFileType = sourcecode.swift; path = BenTenWatch_Watch_AppTests.swift; sourceTree = "<group>"; };
		2B4A57EA2C3AEDA400A516D0 /* BenTenWatch Watch AppUITests.xctest */ = {isa = PBXFileReference; explicitFileType = wrapper.cfbundle; includeInIndex = 0; path = "BenTenWatch Watch AppUITests.xctest"; sourceTree = BUILT_PRODUCTS_DIR; };
		2B4A57EE2C3AEDA400A516D0 /* BenTenWatch_Watch_AppUITests.swift */ = {isa = PBXFileReference; lastKnownFileType = sourcecode.swift; path = BenTenWatch_Watch_AppUITests.swift; sourceTree = "<group>"; };
		2B4A57F02C3AEDA400A516D0 /* BenTenWatch_Watch_AppUITestsLaunchTests.swift */ = {isa = PBXFileReference; lastKnownFileType = sourcecode.swift; path = BenTenWatch_Watch_AppUITestsLaunchTests.swift; sourceTree = "<group>"; };
		2B8648422C5A2A6000DCBD05 /* ActiveSound.mp3 */ = {isa = PBXFileReference; lastKnownFileType = audio.mp3; path = ActiveSound.mp3; sourceTree = "<group>"; };
		2B8648432C5A2A6000DCBD05 /* Picking2.mp3 */ = {isa = PBXFileReference; lastKnownFileType = audio.mp3; path = Picking2.mp3; sourceTree = "<group>"; };
		2B8648442C5A2A6000DCBD05 /* TransformBig.mp3 */ = {isa = PBXFileReference; lastKnownFileType = audio.mp3; path = TransformBig.mp3; sourceTree = "<group>"; };
		2B8648452C5A2A6000DCBD05 /* CooldownBig.mp3 */ = {isa = PBXFileReference; lastKnownFileType = audio.mp3; path = CooldownBig.mp3; sourceTree = "<group>"; };
		2B8648462C5A2A6100DCBD05 /* CooledBig.mp3 */ = {isa = PBXFileReference; lastKnownFileType = audio.mp3; path = CooledBig.mp3; sourceTree = "<group>"; };
/* End PBXFileReference section */

/* Begin PBXFrameworksBuildPhase section */
		2B4A57CB2C3AEDA200A516D0 /* Frameworks */ = {
			isa = PBXFrameworksBuildPhase;
			buildActionMask = 2147483647;
			files = (
			);
			runOnlyForDeploymentPostprocessing = 0;
		};
		2B4A57DD2C3AEDA400A516D0 /* Frameworks */ = {
			isa = PBXFrameworksBuildPhase;
			buildActionMask = 2147483647;
			files = (
			);
			runOnlyForDeploymentPostprocessing = 0;
		};
		2B4A57E72C3AEDA400A516D0 /* Frameworks */ = {
			isa = PBXFrameworksBuildPhase;
			buildActionMask = 2147483647;
			files = (
			);
			runOnlyForDeploymentPostprocessing = 0;
		};
/* End PBXFrameworksBuildPhase section */

/* Begin PBXGroup section */
		2B4A57C12C3AEDA200A516D0 = {
			isa = PBXGroup;
			children = (
				2B4A57D22C3AEDA200A516D0 /* BenTenWatch Watch App */,
				2B4A57E32C3AEDA400A516D0 /* BenTenWatch Watch AppTests */,
				2B4A57ED2C3AEDA400A516D0 /* BenTenWatch Watch AppUITests */,
				2B4A57C92C3AEDA200A516D0 /* Products */,
			);
			sourceTree = "<group>";
		};
		2B4A57C92C3AEDA200A516D0 /* Products */ = {
			isa = PBXGroup;
			children = (
				2B4A57C82C3AEDA200A516D0 /* BenTenWatch.app */,
				2B4A57CE2C3AEDA200A516D0 /* BenTenWatch Watch App.app */,
				2B4A57E02C3AEDA400A516D0 /* BenTenWatch Watch AppTests.xctest */,
				2B4A57EA2C3AEDA400A516D0 /* BenTenWatch Watch AppUITests.xctest */,
			);
			name = Products;
			sourceTree = "<group>";
		};
		2B4A57D22C3AEDA200A516D0 /* BenTenWatch Watch App */ = {
			isa = PBXGroup;
			children = (
				2B4A57D32C3AEDA200A516D0 /* BenTenWatchApp.swift */,
				2B4A57D52C3AEDA200A516D0 /* ContentView.swift */,
				2B8648422C5A2A6000DCBD05 /* ActiveSound.mp3 */,
				2B8648452C5A2A6000DCBD05 /* CooldownBig.mp3 */,
				2B8648462C5A2A6100DCBD05 /* CooledBig.mp3 */,
				2B8648432C5A2A6000DCBD05 /* Picking2.mp3 */,
				2B8648442C5A2A6000DCBD05 /* TransformBig.mp3 */,
				2B4A57D72C3AEDA400A516D0 /* Assets.xcassets */,
				2B4A57D92C3AEDA400A516D0 /* Preview Content */,
			);
			path = "BenTenWatch Watch App";
			sourceTree = "<group>";
		};
		2B4A57D92C3AEDA400A516D0 /* Preview Content */ = {
			isa = PBXGroup;
			children = (
				2B4A57DA2C3AEDA400A516D0 /* Preview Assets.xcassets */,
			);
			path = "Preview Content";
			sourceTree = "<group>";
		};
		2B4A57E32C3AEDA400A516D0 /* BenTenWatch Watch AppTests */ = {
			isa = PBXGroup;
			children = (
				2B4A57E42C3AEDA400A516D0 /* BenTenWatch_Watch_AppTests.swift */,
			);
			path = "BenTenWatch Watch AppTests";
			sourceTree = "<group>";
		};
		2B4A57ED2C3AEDA400A516D0 /* BenTenWatch Watch AppUITests */ = {
			isa = PBXGroup;
			children = (
				2B4A57EE2C3AEDA400A516D0 /* BenTenWatch_Watch_AppUITests.swift */,
				2B4A57F02C3AEDA400A516D0 /* BenTenWatch_Watch_AppUITestsLaunchTests.swift */,
			);
			path = "BenTenWatch Watch AppUITests";
			sourceTree = "<group>";
		};
/* End PBXGroup section */

/* Begin PBXNativeTarget section */
		2B4A57C72C3AEDA200A516D0 /* BenTenWatch */ = {
			isa = PBXNativeTarget;
			buildConfigurationList = 2B4A57F82C3AEDA400A516D0 /* Build configuration list for PBXNativeTarget "BenTenWatch" */;
			buildPhases = (
				2B4A57C62C3AEDA200A516D0 /* Resources */,
				2B4A57F72C3AEDA400A516D0 /* Embed Watch Content */,
			);
			buildRules = (
			);
			dependencies = (
				2B4A57D12C3AEDA200A516D0 /* PBXTargetDependency */,
			);
			name = BenTenWatch;
			productName = BenTenWatch;
			productReference = 2B4A57C82C3AEDA200A516D0 /* BenTenWatch.app */;
			productType = "com.apple.product-type.application.watchapp2-container";
		};
		2B4A57CD2C3AEDA200A516D0 /* BenTenWatch Watch App */ = {
			isa = PBXNativeTarget;
			buildConfigurationList = 2B4A57F42C3AEDA400A516D0 /* Build configuration list for PBXNativeTarget "BenTenWatch Watch App" */;
			buildPhases = (
				2B4A57CA2C3AEDA200A516D0 /* Sources */,
				2B4A57CB2C3AEDA200A516D0 /* Frameworks */,
				2B4A57CC2C3AEDA200A516D0 /* Resources */,
			);
			buildRules = (
			);
			dependencies = (
			);
			name = "BenTenWatch Watch App";
			productName = "BenTenWatch Watch App";
			productReference = 2B4A57CE2C3AEDA200A516D0 /* BenTenWatch Watch App.app */;
			productType = "com.apple.product-type.application";
		};
		2B4A57DF2C3AEDA400A516D0 /* BenTenWatch Watch AppTests */ = {
			isa = PBXNativeTarget;
			buildConfigurationList = 2B4A57FB2C3AEDA400A516D0 /* Build configuration list for PBXNativeTarget "BenTenWatch Watch AppTests" */;
			buildPhases = (
				2B4A57DC2C3AEDA400A516D0 /* Sources */,
				2B4A57DD2C3AEDA400A516D0 /* Frameworks */,
				2B4A57DE2C3AEDA400A516D0 /* Resources */,
			);
			buildRules = (
			);
			dependencies = (
				2B4A57E22C3AEDA400A516D0 /* PBXTargetDependency */,
			);
			name = "BenTenWatch Watch AppTests";
			productName = "BenTenWatch Watch AppTests";
			productReference = 2B4A57E02C3AEDA400A516D0 /* BenTenWatch Watch AppTests.xctest */;
			productType = "com.apple.product-type.bundle.unit-test";
		};
		2B4A57E92C3AEDA400A516D0 /* BenTenWatch Watch AppUITests */ = {
			isa = PBXNativeTarget;
			buildConfigurationList = 2B4A57FE2C3AEDA400A516D0 /* Build configuration list for PBXNativeTarget "BenTenWatch Watch AppUITests" */;
			buildPhases = (
				2B4A57E62C3AEDA400A516D0 /* Sources */,
				2B4A57E72C3AEDA400A516D0 /* Frameworks */,
				2B4A57E82C3AEDA400A516D0 /* Resources */,
			);
			buildRules = (
			);
			dependencies = (
				2B4A57EC2C3AEDA400A516D0 /* PBXTargetDependency */,
			);
			name = "BenTenWatch Watch AppUITests";
			productName = "BenTenWatch Watch AppUITests";
			productReference = 2B4A57EA2C3AEDA400A516D0 /* BenTenWatch Watch AppUITests.xctest */;
			productType = "com.apple.product-type.bundle.ui-testing";
		};
/* End PBXNativeTarget section */

/* Begin PBXProject section */
		2B4A57C22C3AEDA200A516D0 /* Project object */ = {
			isa = PBXProject;
			attributes = {
				BuildIndependentTargetsInParallel = 1;
				LastSwiftUpdateCheck = 1540;
				LastUpgradeCheck = 1540;
				TargetAttributes = {
					2B4A57C72C3AEDA200A516D0 = {
						CreatedOnToolsVersion = 15.4;
					};
					2B4A57CD2C3AEDA200A516D0 = {
						CreatedOnToolsVersion = 15.4;
					};
					2B4A57DF2C3AEDA400A516D0 = {
						CreatedOnToolsVersion = 15.4;
						TestTargetID = 2B4A57CD2C3AEDA200A516D0;
					};
					2B4A57E92C3AEDA400A516D0 = {
						CreatedOnToolsVersion = 15.4;
						TestTargetID = 2B4A57CD2C3AEDA200A516D0;
					};
				};
			};
			buildConfigurationList = 2B4A57C52C3AEDA200A516D0 /* Build configuration list for PBXProject "BenTenWatch" */;
			compatibilityVersion = "Xcode 14.0";
			developmentRegion = en;
			hasScannedForEncodings = 0;
			knownRegions = (
				en,
				Base,
			);
			mainGroup = 2B4A57C12C3AEDA200A516D0;
			productRefGroup = 2B4A57C92C3AEDA200A516D0 /* Products */;
			projectDirPath = "";
			projectRoot = "";
			targets = (
				2B4A57C72C3AEDA200A516D0 /* BenTenWatch */,
				2B4A57CD2C3AEDA200A516D0 /* BenTenWatch Watch App */,
				2B4A57DF2C3AEDA400A516D0 /* BenTenWatch Watch AppTests */,
				2B4A57E92C3AEDA400A516D0 /* BenTenWatch Watch AppUITests */,
			);
		};
/* End PBXProject section */

/* Begin PBXResourcesBuildPhase section */
		2B4A57C62C3AEDA200A516D0 /* Resources */ = {
			isa = PBXResourcesBuildPhase;
			buildActionMask = 2147483647;
			files = (
			);
			runOnlyForDeploymentPostprocessing = 0;
		};
		2B4A57CC2C3AEDA200A516D0 /* Resources */ = {
			isa = PBXResourcesBuildPhase;
			buildActionMask = 2147483647;
			files = (
				2B8648472C5A2A6100DCBD05 /* ActiveSound.mp3 in Resources */,
				2B8648482C5A2A6100DCBD05 /* Picking2.mp3 in Resources */,
				2B4A57DB2C3AEDA400A516D0 /* Preview Assets.xcassets in Resources */,
				2B4A57D82C3AEDA400A516D0 /* Assets.xcassets in Resources */,
				2B86484B2C5A2A6100DCBD05 /* CooledBig.mp3 in Resources */,
				2B86484A2C5A2A6100DCBD05 /* CooldownBig.mp3 in Resources */,
				2B8648492C5A2A6100DCBD05 /* TransformBig.mp3 in Resources */,
			);
			runOnlyForDeploymentPostprocessing = 0;
		};
		2B4A57DE2C3AEDA400A516D0 /* Resources */ = {
			isa = PBXResourcesBuildPhase;
			buildActionMask = 2147483647;
			files = (
			);
			runOnlyForDeploymentPostprocessing = 0;
		};
		2B4A57E82C3AEDA400A516D0 /* Resources */ = {
			isa = PBXResourcesBuildPhase;
			buildActionMask = 2147483647;
			files = (
			);
			runOnlyForDeploymentPostprocessing = 0;
		};
/* End PBXResourcesBuildPhase section */

/* Begin PBXSourcesBuildPhase section */
		2B4A57CA2C3AEDA200A516D0 /* Sources */ = {
			isa = PBXSourcesBuildPhase;
			buildActionMask = 2147483647;
			files = (
				2B4A57D62C3AEDA200A516D0 /* ContentView.swift in Sources */,
				2B4A57D42C3AEDA200A516D0 /* BenTenWatchApp.swift in Sources */,
			);
			runOnlyForDeploymentPostprocessing = 0;
		};
		2B4A57DC2C3AEDA400A516D0 /* Sources */ = {
			isa = PBXSourcesBuildPhase;
			buildActionMask = 2147483647;
			files = (
				2B4A57E52C3AEDA400A516D0 /* BenTenWatch_Watch_AppTests.swift in Sources */,
			);
			runOnlyForDeploymentPostprocessing = 0;
		};
		2B4A57E62C3AEDA400A516D0 /* Sources */ = {
			isa = PBXSourcesBuildPhase;
			buildActionMask = 2147483647;
			files = (
				2B4A57F12C3AEDA400A516D0 /* BenTenWatch_Watch_AppUITestsLaunchTests.swift in Sources */,
				2B4A57EF2C3AEDA400A516D0 /* BenTenWatch_Watch_AppUITests.swift in Sources */,
			);
			runOnlyForDeploymentPostprocessing = 0;
		};
/* End PBXSourcesBuildPhase section */

/* Begin PBXTargetDependency section */
		2B4A57D12C3AEDA200A516D0 /* PBXTargetDependency */ = {
			isa = PBXTargetDependency;
			target = 2B4A57CD2C3AEDA200A516D0 /* BenTenWatch Watch App */;
			targetProxy = 2B4A57D02C3AEDA200A516D0 /* PBXContainerItemProxy */;
		};
		2B4A57E22C3AEDA400A516D0 /* PBXTargetDependency */ = {
			isa = PBXTargetDependency;
			target = 2B4A57CD2C3AEDA200A516D0 /* BenTenWatch Watch App */;
			targetProxy = 2B4A57E12C3AEDA400A516D0 /* PBXContainerItemProxy */;
		};
		2B4A57EC2C3AEDA400A516D0 /* PBXTargetDependency */ = {
			isa = PBXTargetDependency;
			target = 2B4A57CD2C3AEDA200A516D0 /* BenTenWatch Watch App */;
			targetProxy = 2B4A57EB2C3AEDA400A516D0 /* PBXContainerItemProxy */;
		};
/* End PBXTargetDependency section */

/* Begin XCBuildConfiguration section */
		2B4A57F22C3AEDA400A516D0 /* Debug */ = {
			isa = XCBuildConfiguration;
			buildSettings = {
				ALWAYS_SEARCH_USER_PATHS = NO;
				ASSETCATALOG_COMPILER_GENERATE_SWIFT_ASSET_SYMBOL_EXTENSIONS = YES;
				CLANG_ANALYZER_NONNULL = YES;
				CLANG_ANALYZER_NUMBER_OBJECT_CONVERSION = YES_AGGRESSIVE;
				CLANG_CXX_LANGUAGE_STANDARD = "gnu++20";
				CLANG_ENABLE_MODULES = YES;
				CLANG_ENABLE_OBJC_ARC = YES;
				CLANG_ENABLE_OBJC_WEAK = YES;
				CLANG_WARN_BLOCK_CAPTURE_AUTORELEASING = YES;
				CLANG_WARN_BOOL_CONVERSION = YES;
				CLANG_WARN_COMMA = YES;
				CLANG_WARN_CONSTANT_CONVERSION = YES;
				CLANG_WARN_DEPRECATED_OBJC_IMPLEMENTATIONS = YES;
				CLANG_WARN_DIRECT_OBJC_ISA_USAGE = YES_ERROR;
				CLANG_WARN_DOCUMENTATION_COMMENTS = YES;
				CLANG_WARN_EMPTY_BODY = YES;
				CLANG_WARN_ENUM_CONVERSION = YES;
				CLANG_WARN_INFINITE_RECURSION = YES;
				CLANG_WARN_INT_CONVERSION = YES;
				CLANG_WARN_NON_LITERAL_NULL_CONVERSION = YES;
				CLANG_WARN_OBJC_IMPLICIT_RETAIN_SELF = YES;
				CLANG_WARN_OBJC_LITERAL_CONVERSION = YES;
				CLANG_WARN_OBJC_ROOT_CLASS = YES_ERROR;
				CLANG_WARN_QUOTED_INCLUDE_IN_FRAMEWORK_HEADER = YES;
				CLANG_WARN_RANGE_LOOP_ANALYSIS = YES;
				CLANG_WARN_STRICT_PROTOTYPES = YES;
				CLANG_WARN_SUSPICIOUS_MOVE = YES;
				CLANG_WARN_UNGUARDED_AVAILABILITY = YES_AGGRESSIVE;
				CLANG_WARN_UNREACHABLE_CODE = YES;
				CLANG_WARN__DUPLICATE_METHOD_MATCH = YES;
				COPY_PHASE_STRIP = NO;
				DEBUG_INFORMATION_FORMAT = dwarf;
				ENABLE_STRICT_OBJC_MSGSEND = YES;
				ENABLE_TESTABILITY = YES;
				ENABLE_USER_SCRIPT_SANDBOXING = YES;
				GCC_C_LANGUAGE_STANDARD = gnu17;
				GCC_DYNAMIC_NO_PIC = NO;
				GCC_NO_COMMON_BLOCKS = YES;
				GCC_OPTIMIZATION_LEVEL = 0;
				GCC_PREPROCESSOR_DEFINITIONS = (
					"DEBUG=1",
					"$(inherited)",
				);
				GCC_WARN_64_TO_32_BIT_CONVERSION = YES;
				GCC_WARN_ABOUT_RETURN_TYPE = YES_ERROR;
				GCC_WARN_UNDECLARED_SELECTOR = YES;
				GCC_WARN_UNINITIALIZED_AUTOS = YES_AGGRESSIVE;
				GCC_WARN_UNUSED_FUNCTION = YES;
				GCC_WARN_UNUSED_VARIABLE = YES;
				LOCALIZATION_PREFERS_STRING_CATALOGS = YES;
				MTL_ENABLE_DEBUG_INFO = INCLUDE_SOURCE;
				MTL_FAST_MATH = YES;
				ONLY_ACTIVE_ARCH = YES;
				SWIFT_ACTIVE_COMPILATION_CONDITIONS = "DEBUG $(inherited)";
				SWIFT_OPTIMIZATION_LEVEL = "-Onone";
			};
			name = Debug;
		};
		2B4A57F32C3AEDA400A516D0 /* Release */ = {
			isa = XCBuildConfiguration;
			buildSettings = {
				ALWAYS_SEARCH_USER_PATHS = NO;
				ASSETCATALOG_COMPILER_GENERATE_SWIFT_ASSET_SYMBOL_EXTENSIONS = YES;
				CLANG_ANALYZER_NONNULL = YES;
				CLANG_ANALYZER_NUMBER_OBJECT_CONVERSION = YES_AGGRESSIVE;
				CLANG_CXX_LANGUAGE_STANDARD = "gnu++20";
				CLANG_ENABLE_MODULES = YES;
				CLANG_ENABLE_OBJC_ARC = YES;
				CLANG_ENABLE_OBJC_WEAK = YES;
				CLANG_WARN_BLOCK_CAPTURE_AUTORELEASING = YES;
				CLANG_WARN_BOOL_CONVERSION = YES;
				CLANG_WARN_COMMA = YES;
				CLANG_WARN_CONSTANT_CONVERSION = YES;
				CLANG_WARN_DEPRECATED_OBJC_IMPLEMENTATIONS = YES;
				CLANG_WARN_DIRECT_OBJC_ISA_USAGE = YES_ERROR;
				CLANG_WARN_DOCUMENTATION_COMMENTS = YES;
				CLANG_WARN_EMPTY_BODY = YES;
				CLANG_WARN_ENUM_CONVERSION = YES;
				CLANG_WARN_INFINITE_RECURSION = YES;
				CLANG_WARN_INT_CONVERSION = YES;
				CLANG_WARN_NON_LITERAL_NULL_CONVERSION = YES;
				CLANG_WARN_OBJC_IMPLICIT_RETAIN_SELF = YES;
				CLANG_WARN_OBJC_LITERAL_CONVERSION = YES;
				CLANG_WARN_OBJC_ROOT_CLASS = YES_ERROR;
				CLANG_WARN_QUOTED_INCLUDE_IN_FRAMEWORK_HEADER = YES;
				CLANG_WARN_RANGE_LOOP_ANALYSIS = YES;
				CLANG_WARN_STRICT_PROTOTYPES = YES;
				CLANG_WARN_SUSPICIOUS_MOVE = YES;
				CLANG_WARN_UNGUARDED_AVAILABILITY = YES_AGGRESSIVE;
				CLANG_WARN_UNREACHABLE_CODE = YES;
				CLANG_WARN__DUPLICATE_METHOD_MATCH = YES;
				COPY_PHASE_STRIP = NO;
				DEBUG_INFORMATION_FORMAT = "dwarf-with-dsym";
				ENABLE_NS_ASSERTIONS = NO;
				ENABLE_STRICT_OBJC_MSGSEND = YES;
				ENABLE_USER_SCRIPT_SANDBOXING = YES;
				GCC_C_LANGUAGE_STANDARD = gnu17;
				GCC_NO_COMMON_BLOCKS = YES;
				GCC_WARN_64_TO_32_BIT_CONVERSION = YES;
				GCC_WARN_ABOUT_RETURN_TYPE = YES_ERROR;
				GCC_WARN_UNDECLARED_SELECTOR = YES;
				GCC_WARN_UNINITIALIZED_AUTOS = YES_AGGRESSIVE;
				GCC_WARN_UNUSED_FUNCTION = YES;
				GCC_WARN_UNUSED_VARIABLE = YES;
				LOCALIZATION_PREFERS_STRING_CATALOGS = YES;
				MTL_ENABLE_DEBUG_INFO = NO;
				MTL_FAST_MATH = YES;
				SWIFT_COMPILATION_MODE = wholemodule;
			};
			name = Release;
		};
		2B4A57F52C3AEDA400A516D0 /* Debug */ = {
			isa = XCBuildConfiguration;
			buildSettings = {
				ASSETCATALOG_COMPILER_APPICON_NAME = AppIcon;
				ASSETCATALOG_COMPILER_GLOBAL_ACCENT_COLOR_NAME = AccentColor;
				CODE_SIGN_STYLE = Automatic;
				CURRENT_PROJECT_VERSION = 2;
				DEVELOPMENT_ASSET_PATHS = "\"BenTenWatch Watch App/Preview Content\"";
				DEVELOPMENT_TEAM = N2K3R4X37B;
				ENABLE_PREVIEWS = YES;
				GENERATE_INFOPLIST_FILE = YES;
				INFOPLIST_KEY_CFBundleDisplayName = BenTenWatch;
				INFOPLIST_KEY_UISupportedInterfaceOrientations = "UIInterfaceOrientationPortrait UIInterfaceOrientationPortraitUpsideDown";
				INFOPLIST_KEY_WKWatchOnly = YES;
				LD_RUNPATH_SEARCH_PATHS = (
					"$(inherited)",
					"@executable_path/Frameworks",
				);
				MARKETING_VERSION = 1.0;
				PRODUCT_BUNDLE_IDENTIFIER = com.yourpet.BenTenWatch.watchkitapp;
				PRODUCT_NAME = "$(TARGET_NAME)";
				SDKROOT = watchos;
				SKIP_INSTALL = YES;
				SWIFT_EMIT_LOC_STRINGS = YES;
				SWIFT_VERSION = 5.0;
				TARGETED_DEVICE_FAMILY = 4;
				WATCHOS_DEPLOYMENT_TARGET = 10.5;
			};
			name = Debug;
		};
		2B4A57F62C3AEDA400A516D0 /* Release */ = {
			isa = XCBuildConfiguration;
			buildSettings = {
				ASSETCATALOG_COMPILER_APPICON_NAME = AppIcon;
				ASSETCATALOG_COMPILER_GLOBAL_ACCENT_COLOR_NAME = AccentColor;
				CODE_SIGN_STYLE = Automatic;
				CURRENT_PROJECT_VERSION = 2;
				DEVELOPMENT_ASSET_PATHS = "\"BenTenWatch Watch App/Preview Content\"";
				DEVELOPMENT_TEAM = N2K3R4X37B;
				ENABLE_PREVIEWS = YES;
				GENERATE_INFOPLIST_FILE = YES;
				INFOPLIST_KEY_CFBundleDisplayName = BenTenWatch;
				INFOPLIST_KEY_UISupportedInterfaceOrientations = "UIInterfaceOrientationPortrait UIInterfaceOrientationPortraitUpsideDown";
				INFOPLIST_KEY_WKWatchOnly = YES;
				LD_RUNPATH_SEARCH_PATHS = (
					"$(inherited)",
					"@executable_path/Frameworks",
				);
				MARKETING_VERSION = 1.0;
				PRODUCT_BUNDLE_IDENTIFIER = com.yourpet.BenTenWatch.watchkitapp;
				PRODUCT_NAME = "$(TARGET_NAME)";
				SDKROOT = watchos;
				SKIP_INSTALL = YES;
				SWIFT_EMIT_LOC_STRINGS = YES;
				SWIFT_VERSION = 5.0;
				TARGETED_DEVICE_FAMILY = 4;
				VALIDATE_PRODUCT = YES;
				WATCHOS_DEPLOYMENT_TARGET = 10.5;
			};
			name = Release;
		};
		2B4A57F92C3AEDA400A516D0 /* Debug */ = {
			isa = XCBuildConfiguration;
			buildSettings = {
				ALWAYS_EMBED_SWIFT_STANDARD_LIBRARIES = YES;
				CODE_SIGN_STYLE = Automatic;
				CURRENT_PROJECT_VERSION = 1;
				DEVELOPMENT_TEAM = N2K3R4X37B;
				INFOPLIST_KEY_CFBundleDisplayName = BenTenWatch;
				MARKETING_VERSION = 1.0;
				PRODUCT_BUNDLE_IDENTIFIER = com.yourpet.BenTenWatch.watchkitapp;
				PRODUCT_NAME = "$(TARGET_NAME)";
				SDKROOT = iphoneos;
				SWIFT_VERSION = 5.0;
			};
			name = Debug;
		};
		2B4A57FA2C3AEDA400A516D0 /* Release */ = {
			isa = XCBuildConfiguration;
			buildSettings = {
				ALWAYS_EMBED_SWIFT_STANDARD_LIBRARIES = YES;
				CODE_SIGN_STYLE = Automatic;
				CURRENT_PROJECT_VERSION = 1;
				DEVELOPMENT_TEAM = N2K3R4X37B;
				INFOPLIST_KEY_CFBundleDisplayName = BenTenWatch;
				MARKETING_VERSION = 1.0;
				PRODUCT_BUNDLE_IDENTIFIER = com.yourpet.BenTenWatch.watchkitapp;
				PRODUCT_NAME = "$(TARGET_NAME)";
				SDKROOT = iphoneos;
				SWIFT_VERSION = 5.0;
				VALIDATE_PRODUCT = YES;
			};
			name = Release;
		};
		2B4A57FC2C3AEDA400A516D0 /* Debug */ = {
			isa = XCBuildConfiguration;
			buildSettings = {
				ALWAYS_EMBED_SWIFT_STANDARD_LIBRARIES = YES;
				BUNDLE_LOADER = "$(TEST_HOST)";
				CODE_SIGN_STYLE = Automatic;
				CURRENT_PROJECT_VERSION = 1;
				DEVELOPMENT_TEAM = N2K3R4X37B;
				GENERATE_INFOPLIST_FILE = YES;
				MARKETING_VERSION = 1.0;
				PRODUCT_BUNDLE_IDENTIFIER = "com.yourpet.BenTenWatch-Watch-AppTests";
				PRODUCT_NAME = "$(TARGET_NAME)";
				SDKROOT = watchos;
				SWIFT_EMIT_LOC_STRINGS = NO;
				SWIFT_VERSION = 5.0;
				TARGETED_DEVICE_FAMILY = 4;
				TEST_HOST = "$(BUILT_PRODUCTS_DIR)/BenTenWatch Watch App.app/$(BUNDLE_EXECUTABLE_FOLDER_PATH)/BenTenWatch Watch App";
				WATCHOS_DEPLOYMENT_TARGET = 10.5;
			};
			name = Debug;
		};
		2B4A57FD2C3AEDA400A516D0 /* Release */ = {
			isa = XCBuildConfiguration;
			buildSettings = {
				ALWAYS_EMBED_SWIFT_STANDARD_LIBRARIES = YES;
				BUNDLE_LOADER = "$(TEST_HOST)";
				CODE_SIGN_STYLE = Automatic;
				CURRENT_PROJECT_VERSION = 1;
				DEVELOPMENT_TEAM = N2K3R4X37B;
				GENERATE_INFOPLIST_FILE = YES;
				MARKETING_VERSION = 1.0;
				PRODUCT_BUNDLE_IDENTIFIER = "com.yourpet.BenTenWatch-Watch-AppTests";
				PRODUCT_NAME = "$(TARGET_NAME)";
				SDKROOT = watchos;
				SWIFT_EMIT_LOC_STRINGS = NO;
				SWIFT_VERSION = 5.0;
				TARGETED_DEVICE_FAMILY = 4;
				TEST_HOST = "$(BUILT_PRODUCTS_DIR)/BenTenWatch Watch App.app/$(BUNDLE_EXECUTABLE_FOLDER_PATH)/BenTenWatch Watch App";
				VALIDATE_PRODUCT = YES;
				WATCHOS_DEPLOYMENT_TARGET = 10.5;
			};
			name = Release;
		};
		2B4A57FF2C3AEDA400A516D0 /* Debug */ = {
			isa = XCBuildConfiguration;
			buildSettings = {
				ALWAYS_EMBED_SWIFT_STANDARD_LIBRARIES = YES;
				CODE_SIGN_STYLE = Automatic;
				CURRENT_PROJECT_VERSION = 1;
				DEVELOPMENT_TEAM = N2K3R4X37B;
				GENERATE_INFOPLIST_FILE = YES;
				MARKETING_VERSION = 1.0;
				PRODUCT_BUNDLE_IDENTIFIER = "com.yourpet.BenTenWatch-Watch-AppUITests";
				PRODUCT_NAME = "$(TARGET_NAME)";
				SDKROOT = watchos;
				SWIFT_EMIT_LOC_STRINGS = NO;
				SWIFT_VERSION = 5.0;
				TARGETED_DEVICE_FAMILY = 4;
				TEST_TARGET_NAME = "BenTenWatch Watch App";
				WATCHOS_DEPLOYMENT_TARGET = 10.5;
			};
			name = Debug;
		};
		2B4A58002C3AEDA400A516D0 /* Release */ = {
			isa = XCBuildConfiguration;
			buildSettings = {
				ALWAYS_EMBED_SWIFT_STANDARD_LIBRARIES = YES;
				CODE_SIGN_STYLE = Automatic;
				CURRENT_PROJECT_VERSION = 1;
				DEVELOPMENT_TEAM = N2K3R4X37B;
				GENERATE_INFOPLIST_FILE = YES;
				MARKETING_VERSION = 1.0;
				PRODUCT_BUNDLE_IDENTIFIER = "com.yourpet.BenTenWatch-Watch-AppUITests";
				PRODUCT_NAME = "$(TARGET_NAME)";
				SDKROOT = watchos;
				SWIFT_EMIT_LOC_STRINGS = NO;
				SWIFT_VERSION = 5.0;
				TARGETED_DEVICE_FAMILY = 4;
				TEST_TARGET_NAME = "BenTenWatch Watch App";
				VALIDATE_PRODUCT = YES;
				WATCHOS_DEPLOYMENT_TARGET = 10.5;
			};
			name = Release;
		};
/* End XCBuildConfiguration section */

/* Begin XCConfigurationList section */
		2B4A57C52C3AEDA200A516D0 /* Build configuration list for PBXProject "BenTenWatch" */ = {
			isa = XCConfigurationList;
			buildConfigurations = (
				2B4A57F22C3AEDA400A516D0 /* Debug */,
				2B4A57F32C3AEDA400A516D0 /* Release */,
			);
			defaultConfigurationIsVisible = 0;
			defaultConfigurationName = Release;
		};
		2B4A57F42C3AEDA400A516D0 /* Build configuration list for PBXNativeTarget "BenTenWatch Watch App" */ = {
			isa = XCConfigurationList;
			buildConfigurations = (
				2B4A57F52C3AEDA400A516D0 /* Debug */,
				2B4A57F62C3AEDA400A516D0 /* Release */,
			);
			defaultConfigurationIsVisible = 0;
			defaultConfigurationName = Release;
		};
		2B4A57F82C3AEDA400A516D0 /* Build configuration list for PBXNativeTarget "BenTenWatch" */ = {
			isa = XCConfigurationList;
			buildConfigurations = (
				2B4A57F92C3AEDA400A516D0 /* Debug */,
				2B4A57FA2C3AEDA400A516D0 /* Release */,
			);
			defaultConfigurationIsVisible = 0;
			defaultConfigurationName = Release;
		};
		2B4A57FB2C3AEDA400A516D0 /* Build configuration list for PBXNativeTarget "BenTenWatch Watch AppTests" */ = {
			isa = XCConfigurationList;
			buildConfigurations = (
				2B4A57FC2C3AEDA400A516D0 /* Debug */,
				2B4A57FD2C3AEDA400A516D0 /* Release */,
			);
			defaultConfigurationIsVisible = 0;
			defaultConfigurationName = Release;
		};
		2B4A57FE2C3AEDA400A516D0 /* Build configuration list for PBXNativeTarget "BenTenWatch Watch AppUITests" */ = {
			isa = XCConfigurationList;
			buildConfigurations = (
				2B4A57FF2C3AEDA400A516D0 /* Debug */,
				2B4A58002C3AEDA400A516D0 /* Release */,
			);
			defaultConfigurationIsVisible = 0;
			defaultConfigurationName = Release;
		};
/* End XCConfigurationList section */
	};
	rootObject = 2B4A57C22C3AEDA200A516D0 /* Project object */;
}
